
Microsoft Visual Studio Solution File, Format Version 12.00
# Visual Studio 14
VisualStudioVersion = 14.0.25420.1
MinimumVisualStudioVersion = 10.0.40219.1
Project("{FAE04EC0-301F-11D3-BF4B-00C04F79EFBC}") = "MVCApp", "MVCApp\MVCApp.csproj", "{64BE9F94-9D44-43B1-99E4-756747423FFC}"
EndProject
Project("{FAE04EC0-301F-11D3-BF4B-00C04F79EFBC}") = "MVCRepository", "MVCRepository\MVCRepository.csproj", "{487BC951-88AB-47AE-848F-7DEAF2E77E58}"
EndProject
Global
	GlobalSection(SolutionConfigurationPlatforms) = preSolution
		Debug|Any CPU = Debug|Any CPU
		Release|Any CPU = Release|Any CPU
	EndGlobalSection
	GlobalSection(ProjectConfigurationPlatforms) = postSolution
		{64BE9F94-9D44-43B1-99E4-756747423FFC}.Debug|Any CPU.ActiveCfg = Debug|Any CPU
		{64BE9F94-9D44-43B1-99E4-756747423FFC}.Debug|Any CPU.Build.0 = Debug|Any CPU
		{64BE9F94-9D44-43B1-99E4-756747423FFC}.Release|Any CPU.ActiveCfg = Release|Any CPU
		{64BE9F94-9D44-43B1-99E4-756747423FFC}.Release|Any CPU.Build.0 = Release|Any CPU
		{487BC951-88AB-47AE-848F-7DEAF2E77E58}.Debug|Any CPU.ActiveCfg = Debug|Any CPU
		{487BC951-88AB-47AE-848F-7DEAF2E77E58}.Debug|Any CPU.Build.0 = Debug|Any CPU
		{487BC951-88AB-47AE-848F-7DEAF2E77E58}.Release|Any CPU.ActiveCfg = Release|Any CPU
		{487BC951-88AB-47AE-848F-7DEAF2E77E58}.Release|Any CPU.Build.0 = Release|Any CPU
	EndGlobalSection
	GlobalSection(SolutionProperties) = preSolution
		HideSolutionNode = FALSE
	EndGlobalSection
EndGlobal
